
Microsoft Visual Studio Solution File, Format Version 12.00
# Visual Studio Version 17
VisualStudioVersion = 17.2.32630.192
MinimumVisualStudioVersion = 10.0.40219.1
Project("{9A19103F-16F7-4668-BE54-9A1E7A4F7556}") = "PickingListsSystem", "PickingListsSystem\PickingListsSystem.csproj", "{1AC05CEC-9AD4-4A29-8999-EFE1E49CFD1B}"
EndProject
Project("{FAE04EC0-301F-11D3-BF4B-00C04F79EFBC}") = "PickingListsSystem.DataAccess", "PickingListsSystem.DataAccess\PickingListsSystem.DataAccess.csproj", "{07687F00-BC4F-4ED6-AF6F-883C37529761}"
EndProject
Project("{FAE04EC0-301F-11D3-BF4B-00C04F79EFBC}") = "PickingListsSystem.DataAccess.Contracts", "PickingListsSystem.DataAccess.Contracts\PickingListsSystem.DataAccess.Contracts.csproj", "{E42BF60F-6BC1-4EAA-849D-58510456FDDA}"
EndProject
Project("{FAE04EC0-301F-11D3-BF4B-00C04F79EFBC}") = "PickingListsSystem.Entities", "PickingListsSystem.Entities\PickingListsSystem.Entities.csproj", "{41DCD8E1-5217-428E-99CE-316EBEE1FCCA}"
EndProject
Global
	GlobalSection(SolutionConfigurationPlatforms) = preSolution
		Debug|Any CPU = Debug|Any CPU
		Release|Any CPU = Release|Any CPU
	EndGlobalSection
	GlobalSection(ProjectConfigurationPlatforms) = postSolution
		{1AC05CEC-9AD4-4A29-8999-EFE1E49CFD1B}.Debug|Any CPU.ActiveCfg = Debug|Any CPU
		{1AC05CEC-9AD4-4A29-8999-EFE1E49CFD1B}.Debug|Any CPU.Build.0 = Debug|Any CPU
		{1AC05CEC-9AD4-4A29-8999-EFE1E49CFD1B}.Release|Any CPU.ActiveCfg = Release|Any CPU
		{1AC05CEC-9AD4-4A29-8999-EFE1E49CFD1B}.Release|Any CPU.Build.0 = Release|Any CPU
		{07687F00-BC4F-4ED6-AF6F-883C37529761}.Debug|Any CPU.ActiveCfg = Debug|Any CPU
		{07687F00-BC4F-4ED6-AF6F-883C37529761}.Debug|Any CPU.Build.0 = Debug|Any CPU
		{07687F00-BC4F-4ED6-AF6F-883C37529761}.Release|Any CPU.ActiveCfg = Release|Any CPU
		{07687F00-BC4F-4ED6-AF6F-883C37529761}.Release|Any CPU.Build.0 = Release|Any CPU
		{E42BF60F-6BC1-4EAA-849D-58510456FDDA}.Debug|Any CPU.ActiveCfg = Debug|Any CPU
		{E42BF60F-6BC1-4EAA-849D-58510456FDDA}.Debug|Any CPU.Build.0 = Debug|Any CPU
		{E42BF60F-6BC1-4EAA-849D-58510456FDDA}.Release|Any CPU.ActiveCfg = Release|Any CPU
		{E42BF60F-6BC1-4EAA-849D-58510456FDDA}.Release|Any CPU.Build.0 = Release|Any CPU
		{41DCD8E1-5217-428E-99CE-316EBEE1FCCA}.Debug|Any CPU.ActiveCfg = Debug|Any CPU
		{41DCD8E1-5217-428E-99CE-316EBEE1FCCA}.Debug|Any CPU.Build.0 = Debug|Any CPU
		{41DCD8E1-5217-428E-99CE-316EBEE1FCCA}.Release|Any CPU.ActiveCfg = Release|Any CPU
		{41DCD8E1-5217-428E-99CE-316EBEE1FCCA}.Release|Any CPU.Build.0 = Release|Any CPU
	EndGlobalSection
	GlobalSection(SolutionProperties) = preSolution
		HideSolutionNode = FALSE
	EndGlobalSection
	GlobalSection(ExtensibilityGlobals) = postSolution
		SolutionGuid = {C17C89DF-95F3-4274-A25B-EE71091EE73F}
	EndGlobalSection
EndGlobal
